
Microsoft Visual Studio Solution File, Format Version 12.00
# Visual Studio Version 16
VisualStudioVersion = 16.0.30907.101
MinimumVisualStudioVersion = 10.0.40219.1
Project("{FAE04EC0-301F-11D3-BF4B-00C04F79EFBC}") = "Opgave4SimpleRestService", "Opgave4SimpleRestService\Opgave4SimpleRestService.csproj", "{3C22C753-9FCF-4C5C-9DD5-0E5B3EA04206}"
EndProject
Global
	GlobalSection(SolutionConfigurationPlatforms) = preSolution
		Debug|Any CPU = Debug|Any CPU
		Release|Any CPU = Release|Any CPU
	EndGlobalSection
	GlobalSection(ProjectConfigurationPlatforms) = postSolution
		{3C22C753-9FCF-4C5C-9DD5-0E5B3EA04206}.Debug|Any CPU.ActiveCfg = Debug|Any CPU
		{3C22C753-9FCF-4C5C-9DD5-0E5B3EA04206}.Debug|Any CPU.Build.0 = Debug|Any CPU
		{3C22C753-9FCF-4C5C-9DD5-0E5B3EA04206}.Release|Any CPU.ActiveCfg = Release|Any CPU
		{3C22C753-9FCF-4C5C-9DD5-0E5B3EA04206}.Release|Any CPU.Build.0 = Release|Any CPU
	EndGlobalSection
	GlobalSection(SolutionProperties) = preSolution
		HideSolutionNode = FALSE
	EndGlobalSection
	GlobalSection(ExtensibilityGlobals) = postSolution
		SolutionGuid = {C8089CFE-F843-4E4B-887C-EC51E0F901D5}
	EndGlobalSection
EndGlobal
